// !$*UTF8*$!
{
	archiveVersion = 1;
	classes = {
	};
	objectVersion = 48;
	objects = {

/* Begin PBXBuildFile section */
		13F4B267204B5B7900252B06 /* DUNGRG__.TTF in Resources */ = {isa = PBXBuildFile; fileRef = 13F4B266204B5B7900252B06 /* DUNGRG__.TTF */; };
		13F4B26D204B5F6100252B06 /* icons8-plus-math-50.png in Resources */ = {isa = PBXBuildFile; fileRef = 13F4B26C204B5F6100252B06 /* icons8-plus-math-50.png */; };
		752333A0204B4AC0006B7572 /* AppDelegate.swift in Sources */ = {isa = PBXBuildFile; fileRef = 7523339F204B4AC0006B7572 /* AppDelegate.swift */; };
		752333A2204B4AC1006B7572 /* ViewController.swift in Sources */ = {isa = PBXBuildFile; fileRef = 752333A1204B4AC1006B7572 /* ViewController.swift */; };
		752333A5204B4AC1006B7572 /* Main.storyboard in Resources */ = {isa = PBXBuildFile; fileRef = 752333A3204B4AC1006B7572 /* Main.storyboard */; };
		752333AA204B4AC1006B7572 /* Assets.xcassets in Resources */ = {isa = PBXBuildFile; fileRef = 752333A9204B4AC1006B7572 /* Assets.xcassets */; };
		752333AD204B4AC1006B7572 /* LaunchScreen.storyboard in Resources */ = {isa = PBXBuildFile; fileRef = 752333AB204B4AC1006B7572 /* LaunchScreen.storyboard */; };
		D0941B04204B4F300051C625 /* Character.swift in Sources */ = {isa = PBXBuildFile; fileRef = D0941B03204B4F300051C625 /* Character.swift */; };
		D0941B06204B58FD0051C625 /* Dice.swift in Sources */ = {isa = PBXBuildFile; fileRef = D0941B05204B58FD0051C625 /* Dice.swift */; };
/* End PBXBuildFile section */

/* Begin PBXFileReference section */
		13F4B266204B5B7900252B06 /* DUNGRG__.TTF */ = {isa = PBXFileReference; lastKnownFileType = file; path = DUNGRG__.TTF; sourceTree = "<group>"; };
		13F4B26C204B5F6100252B06 /* icons8-plus-math-50.png */ = {isa = PBXFileReference; lastKnownFileType = image.png; path = "icons8-plus-math-50.png"; sourceTree = "<group>"; };
		7523339C204B4AC0006B7572 /* DND_Char_Sheet.app */ = {isa = PBXFileReference; explicitFileType = wrapper.application; includeInIndex = 0; path = DND_Char_Sheet.app; sourceTree = BUILT_PRODUCTS_DIR; };
		7523339F204B4AC0006B7572 /* AppDelegate.swift */ = {isa = PBXFileReference; lastKnownFileType = sourcecode.swift; path = AppDelegate.swift; sourceTree = "<group>"; };
		752333A1204B4AC1006B7572 /* ViewController.swift */ = {isa = PBXFileReference; lastKnownFileType = sourcecode.swift; path = ViewController.swift; sourceTree = "<group>"; };
		752333A4204B4AC1006B7572 /* Base */ = {isa = PBXFileReference; lastKnownFileType = file.storyboard; name = Base; path = Base.lproj/Main.storyboard; sourceTree = "<group>"; };
		752333A9204B4AC1006B7572 /* Assets.xcassets */ = {isa = PBXFileReference; lastKnownFileType = folder.assetcatalog; path = Assets.xcassets; sourceTree = "<group>"; };
		752333AC204B4AC1006B7572 /* Base */ = {isa = PBXFileReference; lastKnownFileType = file.storyboard; name = Base; path = Base.lproj/LaunchScreen.storyboard; sourceTree = "<group>"; };
		752333AE204B4AC1006B7572 /* Info.plist */ = {isa = PBXFileReference; lastKnownFileType = text.plist.xml; path = Info.plist; sourceTree = "<group>"; };
		D0941B03204B4F300051C625 /* Character.swift */ = {isa = PBXFileReference; lastKnownFileType = sourcecode.swift; path = Character.swift; sourceTree = "<group>"; };
		D0941B05204B58FD0051C625 /* Dice.swift */ = {isa = PBXFileReference; lastKnownFileType = sourcecode.swift; path = Dice.swift; sourceTree = "<group>"; };
/* End PBXFileReference section */

/* Begin PBXFrameworksBuildPhase section */
		75233399204B4AC0006B7572 /* Frameworks */ = {
			isa = PBXFrameworksBuildPhase;
			buildActionMask = 2147483647;
			files = (
			);
			runOnlyForDeploymentPostprocessing = 0;
		};
/* End PBXFrameworksBuildPhase section */

/* Begin PBXGroup section */
		75233393204B4AC0006B7572 = {
			isa = PBXGroup;
			children = (
				7523339E204B4AC0006B7572 /* DND_Char_Sheet */,
				7523339D204B4AC0006B7572 /* Products */,
			);
			sourceTree = "<group>";
		};
		7523339D204B4AC0006B7572 /* Products */ = {
			isa = PBXGroup;
			children = (
				7523339C204B4AC0006B7572 /* DND_Char_Sheet.app */,
			);
			name = Products;
			sourceTree = "<group>";
		};
		7523339E204B4AC0006B7572 /* DND_Char_Sheet */ = {
			isa = PBXGroup;
			children = (
				13F4B26C204B5F6100252B06 /* icons8-plus-math-50.png */,
				13F4B266204B5B7900252B06 /* DUNGRG__.TTF */,
				7523339F204B4AC0006B7572 /* AppDelegate.swift */,
				752333A1204B4AC1006B7572 /* ViewController.swift */,
				752333A3204B4AC1006B7572 /* Main.storyboard */,
				752333A9204B4AC1006B7572 /* Assets.xcassets */,
				752333AB204B4AC1006B7572 /* LaunchScreen.storyboard */,
				752333AE204B4AC1006B7572 /* Info.plist */,
				D0941B03204B4F300051C625 /* Character.swift */,
				D0941B05204B58FD0051C625 /* Dice.swift */,
			);
			path = DND_Char_Sheet;
			sourceTree = "<group>";
		};
/* End PBXGroup section */

/* Begin PBXNativeTarget section */
		7523339B204B4AC0006B7572 /* DND_Char_Sheet */ = {
			isa = PBXNativeTarget;
			buildConfigurationList = 752333B1204B4AC1006B7572 /* Build configuration list for PBXNativeTarget "DND_Char_Sheet" */;
			buildPhases = (
				75233398204B4AC0006B7572 /* Sources */,
				75233399204B4AC0006B7572 /* Frameworks */,
				7523339A204B4AC0006B7572 /* Resources */,
			);
			buildRules = (
			);
			dependencies = (
			);
			name = DND_Char_Sheet;
			productName = DND_Char_Sheet;
			productReference = 7523339C204B4AC0006B7572 /* DND_Char_Sheet.app */;
			productType = "com.apple.product-type.application";
		};
/* End PBXNativeTarget section */

/* Begin PBXProject section */
		75233394204B4AC0006B7572 /* Project object */ = {
			isa = PBXProject;
			attributes = {
				LastSwiftUpdateCheck = 0920;
				LastUpgradeCheck = 0920;
				ORGANIZATIONNAME = "Josh Freedman";
				TargetAttributes = {
					7523339B204B4AC0006B7572 = {
						CreatedOnToolsVersion = 9.2;
						ProvisioningStyle = Automatic;
					};
				};
			};
			buildConfigurationList = 75233397204B4AC0006B7572 /* Build configuration list for PBXProject "DND_Char_Sheet" */;
			compatibilityVersion = "Xcode 8.0";
			developmentRegion = en;
			hasScannedForEncodings = 0;
			knownRegions = (
				en,
				Base,
			);
			mainGroup = 75233393204B4AC0006B7572;
			productRefGroup = 7523339D204B4AC0006B7572 /* Products */;
			projectDirPath = "";
			projectRoot = "";
			targets = (
				7523339B204B4AC0006B7572 /* DND_Char_Sheet */,
			);
		};
/* End PBXProject section */

/* Begin PBXResourcesBuildPhase section */
		7523339A204B4AC0006B7572 /* Resources */ = {
			isa = PBXResourcesBuildPhase;
			buildActionMask = 2147483647;
			files = (
				752333AD204B4AC1006B7572 /* LaunchScreen.storyboard in Resources */,
				13F4B267204B5B7900252B06 /* DUNGRG__.TTF in Resources */,
				752333AA204B4AC1006B7572 /* Assets.xcassets in Resources */,
				752333A5204B4AC1006B7572 /* Main.storyboard in Resources */,
				13F4B26D204B5F6100252B06 /* icons8-plus-math-50.png in Resources */,
			);
			runOnlyForDeploymentPostprocessing = 0;
		};
/* End PBXResourcesBuildPhase section */

/* Begin PBXSourcesBuildPhase section */
		75233398204B4AC0006B7572 /* Sources */ = {
			isa = PBXSourcesBuildPhase;
			buildActionMask = 2147483647;
			files = (
				752333A2204B4AC1006B7572 /* ViewController.swift in Sources */,
				D0941B06204B58FD0051C625 /* Dice.swift in Sources */,
				752333A0204B4AC0006B7572 /* AppDelegate.swift in Sources */,
				D0941B04204B4F300051C625 /* Character.swift in Sources */,
			);
			runOnlyForDeploymentPostprocessing = 0;
		};
/* End PBXSourcesBuildPhase section */

/* Begin PBXVariantGroup section */
		752333A3204B4AC1006B7572 /* Main.storyboard */ = {
			isa = PBXVariantGroup;
			children = (
				752333A4204B4AC1006B7572 /* Base */,
			);
			name = Main.storyboard;
			sourceTree = "<group>";
		};
		752333AB204B4AC1006B7572 /* LaunchScreen.storyboard */ = {
			isa = PBXVariantGroup;
			children = (
				752333AC204B4AC1006B7572 /* Base */,
			);
			name = LaunchScreen.storyboard;
			sourceTree = "<group>";
		};
/* End PBXVariantGroup section */

/* Begin XCBuildConfiguration section */
		752333AF204B4AC1006B7572 /* Debug */ = {
			isa = XCBuildConfiguration;
			buildSettings = {
				ALWAYS_SEARCH_USER_PATHS = NO;
				CLANG_ANALYZER_NONNULL = YES;
				CLANG_ANALYZER_NUMBER_OBJECT_CONVERSION = YES_AGGRESSIVE;
				CLANG_CXX_LANGUAGE_STANDARD = "gnu++14";
				CLANG_CXX_LIBRARY = "libc++";
				CLANG_ENABLE_MODULES = YES;
				CLANG_ENABLE_OBJC_ARC = YES;
				CLANG_WARN_BLOCK_CAPTURE_AUTORELEASING = YES;
				CLANG_WARN_BOOL_CONVERSION = YES;
				CLANG_WARN_COMMA = YES;
				CLANG_WARN_CONSTANT_CONVERSION = YES;
				CLANG_WARN_DIRECT_OBJC_ISA_USAGE = YES_ERROR;
				CLANG_WARN_DOCUMENTATION_COMMENTS = YES;
				CLANG_WARN_EMPTY_BODY = YES;
				CLANG_WARN_ENUM_CONVERSION = YES;
				CLANG_WARN_INFINITE_RECURSION = YES;
				CLANG_WARN_INT_CONVERSION = YES;
				CLANG_WARN_NON_LITERAL_NULL_CONVERSION = YES;
				CLANG_WARN_OBJC_LITERAL_CONVERSION = YES;
				CLANG_WARN_OBJC_ROOT_CLASS = YES_ERROR;
				CLANG_WARN_RANGE_LOOP_ANALYSIS = YES;
				CLANG_WARN_STRICT_PROTOTYPES = YES;
				CLANG_WARN_SUSPICIOUS_MOVE = YES;
				CLANG_WARN_UNGUARDED_AVAILABILITY = YES_AGGRESSIVE;
				CLANG_WARN_UNREACHABLE_CODE = YES;
				CLANG_WARN__DUPLICATE_METHOD_MATCH = YES;
				CODE_SIGN_IDENTITY = "iPhone Developer";
				COPY_PHASE_STRIP = NO;
				DEBUG_INFORMATION_FORMAT = dwarf;
				ENABLE_STRICT_OBJC_MSGSEND = YES;
				ENABLE_TESTABILITY = YES;
				GCC_C_LANGUAGE_STANDARD = gnu11;
				GCC_DYNAMIC_NO_PIC = NO;
				GCC_NO_COMMON_BLOCKS = YES;
				GCC_OPTIMIZATION_LEVEL = 0;
				GCC_PREPROCESSOR_DEFINITIONS = (
					"DEBUG=1",
					"$(inherited)",
				);
				GCC_WARN_64_TO_32_BIT_CONVERSION = YES;
				GCC_WARN_ABOUT_RETURN_TYPE = YES_ERROR;
				GCC_WARN_UNDECLARED_SELECTOR = YES;
				GCC_WARN_UNINITIALIZED_AUTOS = YES_AGGRESSIVE;
				GCC_WARN_UNUSED_FUNCTION = YES;
				GCC_WARN_UNUSED_VARIABLE = YES;
				IPHONEOS_DEPLOYMENT_TARGET = 11.2;
				MTL_ENABLE_DEBUG_INFO = YES;
				ONLY_ACTIVE_ARCH = YES;
				SDKROOT = iphoneos;
				SWIFT_ACTIVE_COMPILATION_CONDITIONS = DEBUG;
				SWIFT_OPTIMIZATION_LEVEL = "-Onone";
			};
			name = Debug;
		};
		752333B0204B4AC1006B7572 /* Release */ = {
			isa = XCBuildConfiguration;
			buildSettings = {
				ALWAYS_SEARCH_USER_PATHS = NO;
				CLANG_ANALYZER_NONNULL = YES;
				CLANG_ANALYZER_NUMBER_OBJECT_CONVERSION = YES_AGGRESSIVE;
				CLANG_CXX_LANGUAGE_STANDARD = "gnu++14";
				CLANG_CXX_LIBRARY = "libc++";
				CLANG_ENABLE_MODULES = YES;
				CLANG_ENABLE_OBJC_ARC = YES;
				CLANG_WARN_BLOCK_CAPTURE_AUTORELEASING = YES;
				CLANG_WARN_BOOL_CONVERSION = YES;
				CLANG_WARN_COMMA = YES;
				CLANG_WARN_CONSTANT_CONVERSION = YES;
				CLANG_WARN_DIRECT_OBJC_ISA_USAGE = YES_ERROR;
				CLANG_WARN_DOCUMENTATION_COMMENTS = YES;
				CLANG_WARN_EMPTY_BODY = YES;
				CLANG_WARN_ENUM_CONVERSION = YES;
				CLANG_WARN_INFINITE_RECURSION = YES;
				CLANG_WARN_INT_CONVERSION = YES;
				CLANG_WARN_NON_LITERAL_NULL_CONVERSION = YES;
				CLANG_WARN_OBJC_LITERAL_CONVERSION = YES;
				CLANG_WARN_OBJC_ROOT_CLASS = YES_ERROR;
				CLANG_WARN_RANGE_LOOP_ANALYSIS = YES;
				CLANG_WARN_STRICT_PROTOTYPES = YES;
				CLANG_WARN_SUSPICIOUS_MOVE = YES;
				CLANG_WARN_UNGUARDED_AVAILABILITY = YES_AGGRESSIVE;
				CLANG_WARN_UNREACHABLE_CODE = YES;
				CLANG_WARN__DUPLICATE_METHOD_MATCH = YES;
				CODE_SIGN_IDENTITY = "iPhone Developer";
				COPY_PHASE_STRIP = NO;
				DEBUG_INFORMATION_FORMAT = "dwarf-with-dsym";
				ENABLE_NS_ASSERTIONS = NO;
				ENABLE_STRICT_OBJC_MSGSEND = YES;
				GCC_C_LANGUAGE_STANDARD = gnu11;
				GCC_NO_COMMON_BLOCKS = YES;
				GCC_WARN_64_TO_32_BIT_CONVERSION = YES;
				GCC_WARN_ABOUT_RETURN_TYPE = YES_ERROR;
				GCC_WARN_UNDECLARED_SELECTOR = YES;
				GCC_WARN_UNINITIALIZED_AUTOS = YES_AGGRESSIVE;
				GCC_WARN_UNUSED_FUNCTION = YES;
				GCC_WARN_UNUSED_VARIABLE = YES;
				IPHONEOS_DEPLOYMENT_TARGET = 11.2;
				MTL_ENABLE_DEBUG_INFO = NO;
				SDKROOT = iphoneos;
				SWIFT_OPTIMIZATION_LEVEL = "-Owholemodule";
				VALIDATE_PRODUCT = YES;
			};
			name = Release;
		};
		752333B2204B4AC1006B7572 /* Debug */ = {
			isa = XCBuildConfiguration;
			buildSettings = {
				ASSETCATALOG_COMPILER_APPICON_NAME = AppIcon;
				CODE_SIGN_STYLE = Automatic;
				INFOPLIST_FILE = DND_Char_Sheet/Info.plist;
				LD_RUNPATH_SEARCH_PATHS = "$(inherited) @executable_path/Frameworks";
				PRODUCT_BUNDLE_IDENTIFIER = "com.example.DND-Char-Sheet";
				PRODUCT_NAME = "$(TARGET_NAME)";
				SWIFT_VERSION = 4.0;
				TARGETED_DEVICE_FAMILY = "1,2";
			};
			name = Debug;
		};
		752333B3204B4AC1006B7572 /* Release */ = {
			isa = XCBuildConfiguration;
			buildSettings = {
				ASSETCATALOG_COMPILER_APPICON_NAME = AppIcon;
				CODE_SIGN_STYLE = Automatic;
				INFOPLIST_FILE = DND_Char_Sheet/Info.plist;
				LD_RUNPATH_SEARCH_PATHS = "$(inherited) @executable_path/Frameworks";
				PRODUCT_BUNDLE_IDENTIFIER = "com.example.DND-Char-Sheet";
				PRODUCT_NAME = "$(TARGET_NAME)";
				SWIFT_VERSION = 4.0;
				TARGETED_DEVICE_FAMILY = "1,2";
			};
			name = Release;
		};
/* End XCBuildConfiguration section */

/* Begin XCConfigurationList section */
		75233397204B4AC0006B7572 /* Build configuration list for PBXProject "DND_Char_Sheet" */ = {
			isa = XCConfigurationList;
			buildConfigurations = (
				752333AF204B4AC1006B7572 /* Debug */,
				752333B0204B4AC1006B7572 /* Release */,
			);
			defaultConfigurationIsVisible = 0;
			defaultConfigurationName = Release;
		};
		752333B1204B4AC1006B7572 /* Build configuration list for PBXNativeTarget "DND_Char_Sheet" */ = {
			isa = XCConfigurationList;
			buildConfigurations = (
				752333B2204B4AC1006B7572 /* Debug */,
				752333B3204B4AC1006B7572 /* Release */,
			);
			defaultConfigurationIsVisible = 0;
			defaultConfigurationName = Release;
		};
/* End XCConfigurationList section */
	};
	rootObject = 75233394204B4AC0006B7572 /* Project object */;
}
